{
  "pins" : [
    {
      "identity" : "scanbot-barcode-sdk-native-wrapper-spm",
      "kind" : "remoteSourceControl",
      "location" : "https://github.com/doo/scanbot-barcode-sdk-native-wrapper-spm.git",
      "state" : {
        "revision" : "d6886050a0b64b7a025dea594573e771614caf89",
        "version" : "9.0.5"
      }
    }
  ],
  "version" : 2
}
