{
  "pins" : [
    {
      "identity" : "scanbot-barcode-sdk-native-wrapper-spm",
      "kind" : "remoteSourceControl",
      "location" : "https://github.com/doo/scanbot-barcode-sdk-native-wrapper-spm.git",
      "state" : {
        "revision" : "bce0979573e16e917b70ce1dc905bc5ada9fde2f",
        "version" : "10.0.1"
      }
    }
  ],
  "version" : 2
}
