PODS:
  - barcode_scanner (1.0.0):
    - Flutter
    - ScanbotBarcodeScannerSDK (= 3.1.0)
  - Flutter (1.0.0)
  - image_picker (0.0.1):
    - Flutter
  - path_provider_ios (0.0.1):
    - Flutter
  - ScanbotBarcodeScannerSDK (3.1.0)

DEPENDENCIES:
  - barcode_scanner (from `.symlinks/plugins/barcode_scanner/ios`)
  - Flutter (from `Flutter`)
  - image_picker (from `.symlinks/plugins/image_picker/ios`)
  - path_provider_ios (from `.symlinks/plugins/path_provider_ios/ios`)

SPEC REPOS:
  trunk:
    - ScanbotBarcodeScannerSDK

EXTERNAL SOURCES:
  barcode_scanner:
    :path: ".symlinks/plugins/barcode_scanner/ios"
  Flutter:
    :path: Flutter
  image_picker:
    :path: ".symlinks/plugins/image_picker/ios"
  path_provider_ios:
    :path: ".symlinks/plugins/path_provider_ios/ios"

SPEC CHECKSUMS:
  barcode_scanner: 8e81f379c8d0f72ea3098905795ec4c36c6a7b4a
  Flutter: 50d75fe2f02b26cc09d224853bb45737f8b3214a
  image_picker: 50e7c7ff960e5f58faa4d1f4af84a771c671bc4a
  path_provider_ios: 7d7ce634493af4477d156294792024ec3485acd5
  ScanbotBarcodeScannerSDK: a3dbc3137e707eb1f9dab1ea8dc0aa90d9de85f2

PODFILE CHECKSUM: 7368163408c647b7eb699d0d788ba6718e18fb8d

COCOAPODS: 1.11.2
